
Microsoft Visual Studio Solution File, Format Version 12.00
# Visual Studio Version 16
VisualStudioVersion = 16.0.29709.97
MinimumVisualStudioVersion = 15.0.26124.0
Project("{2150E333-8FDC-42A3-9474-1A3956D46DE8}") = "src", "src", "{4C8914F8-D732-462B-978E-3BB5DBE547D7}"
EndProject
Project("{9A19103F-16F7-4668-BE54-9A1E7A4F7556}") = "TestableHttpClient", "src\TestableHttpClient\TestableHttpClient.csproj", "{FD5111E1-2970-4DC4-84DD-E4966E17DCB3}"
EndProject
Project("{2150E333-8FDC-42A3-9474-1A3956D46DE8}") = "test", "test", "{BBCED492-E92B-4FA8-A4A5-B5A76091F25E}"
EndProject
Project("{9A19103F-16F7-4668-BE54-9A1E7A4F7556}") = "TestableHttpClient.Tests", "test\TestableHttpClient.Tests\TestableHttpClient.Tests.csproj", "{70673E72-C346-4AC2-946D-D9F99816FC72}"
EndProject
Project("{2150E333-8FDC-42A3-9474-1A3956D46DE8}") = "Solution Items", "Solution Items", "{800147F1-758C-406D-AF75-CB20EB7CDB18}"
	ProjectSection(SolutionItems) = preProject
		.editorconfig = .editorconfig
		LICENSE = LICENSE
		README.md = README.md
	EndProjectSection
EndProject
Project("{9A19103F-16F7-4668-BE54-9A1E7A4F7556}") = "TestableHttpClient.IntegrationTests", "test\TestableHttpClient.IntegrationTests\TestableHttpClient.IntegrationTests.csproj", "{37A6C1C0-1117-43DE-BD15-290BC8AD32BE}"
EndProject
Project("{9A19103F-16F7-4668-BE54-9A1E7A4F7556}") = "TestableHttpClient.NFluent", "src\TestableHttpClient.NFluent\TestableHttpClient.NFluent.csproj", "{127E2F48-CB33-488E-88E3-1BB0043C8CC1}"
EndProject
Project("{9A19103F-16F7-4668-BE54-9A1E7A4F7556}") = "TestableHttpClient.NFluent.Tests", "test\TestableHttpClient.NFluent.Tests\TestableHttpClient.NFluent.Tests.csproj", "{29F350FB-5901-41AC-8605-F3413EE49E4A}"
EndProject
Project("{D954291E-2A0B-460D-934E-DC6B0785DB48}") = "SharedUtilities", "SharedUtilities\SharedUtilities.shproj", "{E405AF28-9C17-4580-AEBD-58B1BD4B116C}"
EndProject
Global
	GlobalSection(SharedMSBuildProjectFiles) = preSolution
		SharedUtilities\SharedUtilities.projitems*{127e2f48-cb33-488e-88e3-1bb0043c8cc1}*SharedItemsImports = 5
		SharedUtilities\SharedUtilities.projitems*{e405af28-9c17-4580-aebd-58b1bd4b116c}*SharedItemsImports = 13
		SharedUtilities\SharedUtilities.projitems*{fd5111e1-2970-4dc4-84dd-e4966e17dcb3}*SharedItemsImports = 5
	EndGlobalSection
	GlobalSection(SolutionConfigurationPlatforms) = preSolution
		Debug|Any CPU = Debug|Any CPU
		Debug|x64 = Debug|x64
		Debug|x86 = Debug|x86
		Release|Any CPU = Release|Any CPU
		Release|x64 = Release|x64
		Release|x86 = Release|x86
	EndGlobalSection
	GlobalSection(ProjectConfigurationPlatforms) = postSolution
		{FD5111E1-2970-4DC4-84DD-E4966E17DCB3}.Debug|Any CPU.ActiveCfg = Debug|Any CPU
		{FD5111E1-2970-4DC4-84DD-E4966E17DCB3}.Debug|Any CPU.Build.0 = Debug|Any CPU
		{FD5111E1-2970-4DC4-84DD-E4966E17DCB3}.Debug|x64.ActiveCfg = Debug|Any CPU
		{FD5111E1-2970-4DC4-84DD-E4966E17DCB3}.Debug|x64.Build.0 = Debug|Any CPU
		{FD5111E1-2970-4DC4-84DD-E4966E17DCB3}.Debug|x86.ActiveCfg = Debug|Any CPU
		{FD5111E1-2970-4DC4-84DD-E4966E17DCB3}.Debug|x86.Build.0 = Debug|Any CPU
		{FD5111E1-2970-4DC4-84DD-E4966E17DCB3}.Release|Any CPU.ActiveCfg = Release|Any CPU
		{FD5111E1-2970-4DC4-84DD-E4966E17DCB3}.Release|Any CPU.Build.0 = Release|Any CPU
		{FD5111E1-2970-4DC4-84DD-E4966E17DCB3}.Release|x64.ActiveCfg = Release|Any CPU
		{FD5111E1-2970-4DC4-84DD-E4966E17DCB3}.Release|x64.Build.0 = Release|Any CPU
		{FD5111E1-2970-4DC4-84DD-E4966E17DCB3}.Release|x86.ActiveCfg = Release|Any CPU
		{FD5111E1-2970-4DC4-84DD-E4966E17DCB3}.Release|x86.Build.0 = Release|Any CPU
		{70673E72-C346-4AC2-946D-D9F99816FC72}.Debug|Any CPU.ActiveCfg = Debug|Any CPU
		{70673E72-C346-4AC2-946D-D9F99816FC72}.Debug|Any CPU.Build.0 = Debug|Any CPU
		{70673E72-C346-4AC2-946D-D9F99816FC72}.Debug|x64.ActiveCfg = Debug|Any CPU
		{70673E72-C346-4AC2-946D-D9F99816FC72}.Debug|x64.Build.0 = Debug|Any CPU
		{70673E72-C346-4AC2-946D-D9F99816FC72}.Debug|x86.ActiveCfg = Debug|Any CPU
		{70673E72-C346-4AC2-946D-D9F99816FC72}.Debug|x86.Build.0 = Debug|Any CPU
		{70673E72-C346-4AC2-946D-D9F99816FC72}.Release|Any CPU.ActiveCfg = Release|Any CPU
		{70673E72-C346-4AC2-946D-D9F99816FC72}.Release|Any CPU.Build.0 = Release|Any CPU
		{70673E72-C346-4AC2-946D-D9F99816FC72}.Release|x64.ActiveCfg = Release|Any CPU
		{70673E72-C346-4AC2-946D-D9F99816FC72}.Release|x64.Build.0 = Release|Any CPU
		{70673E72-C346-4AC2-946D-D9F99816FC72}.Release|x86.ActiveCfg = Release|Any CPU
		{70673E72-C346-4AC2-946D-D9F99816FC72}.Release|x86.Build.0 = Release|Any CPU
		{37A6C1C0-1117-43DE-BD15-290BC8AD32BE}.Debug|Any CPU.ActiveCfg = Debug|Any CPU
		{37A6C1C0-1117-43DE-BD15-290BC8AD32BE}.Debug|Any CPU.Build.0 = Debug|Any CPU
		{37A6C1C0-1117-43DE-BD15-290BC8AD32BE}.Debug|x64.ActiveCfg = Debug|Any CPU
		{37A6C1C0-1117-43DE-BD15-290BC8AD32BE}.Debug|x64.Build.0 = Debug|Any CPU
		{37A6C1C0-1117-43DE-BD15-290BC8AD32BE}.Debug|x86.ActiveCfg = Debug|Any CPU
		{37A6C1C0-1117-43DE-BD15-290BC8AD32BE}.Debug|x86.Build.0 = Debug|Any CPU
		{37A6C1C0-1117-43DE-BD15-290BC8AD32BE}.Release|Any CPU.ActiveCfg = Release|Any CPU
		{37A6C1C0-1117-43DE-BD15-290BC8AD32BE}.Release|Any CPU.Build.0 = Release|Any CPU
		{37A6C1C0-1117-43DE-BD15-290BC8AD32BE}.Release|x64.ActiveCfg = Release|Any CPU
		{37A6C1C0-1117-43DE-BD15-290BC8AD32BE}.Release|x64.Build.0 = Release|Any CPU
		{37A6C1C0-1117-43DE-BD15-290BC8AD32BE}.Release|x86.ActiveCfg = Release|Any CPU
		{37A6C1C0-1117-43DE-BD15-290BC8AD32BE}.Release|x86.Build.0 = Release|Any CPU
		{127E2F48-CB33-488E-88E3-1BB0043C8CC1}.Debug|Any CPU.ActiveCfg = Debug|Any CPU
		{127E2F48-CB33-488E-88E3-1BB0043C8CC1}.Debug|Any CPU.Build.0 = Debug|Any CPU
		{127E2F48-CB33-488E-88E3-1BB0043C8CC1}.Debug|x64.ActiveCfg = Debug|Any CPU
		{127E2F48-CB33-488E-88E3-1BB0043C8CC1}.Debug|x64.Build.0 = Debug|Any CPU
		{127E2F48-CB33-488E-88E3-1BB0043C8CC1}.Debug|x86.ActiveCfg = Debug|Any CPU
		{127E2F48-CB33-488E-88E3-1BB0043C8CC1}.Debug|x86.Build.0 = Debug|Any CPU
		{127E2F48-CB33-488E-88E3-1BB0043C8CC1}.Release|Any CPU.ActiveCfg = Release|Any CPU
		{127E2F48-CB33-488E-88E3-1BB0043C8CC1}.Release|Any CPU.Build.0 = Release|Any CPU
		{127E2F48-CB33-488E-88E3-1BB0043C8CC1}.Release|x64.ActiveCfg = Release|Any CPU
		{127E2F48-CB33-488E-88E3-1BB0043C8CC1}.Release|x64.Build.0 = Release|Any CPU
		{127E2F48-CB33-488E-88E3-1BB0043C8CC1}.Release|x86.ActiveCfg = Release|Any CPU
		{127E2F48-CB33-488E-88E3-1BB0043C8CC1}.Release|x86.Build.0 = Release|Any CPU
		{29F350FB-5901-41AC-8605-F3413EE49E4A}.Debug|Any CPU.ActiveCfg = Debug|Any CPU
		{29F350FB-5901-41AC-8605-F3413EE49E4A}.Debug|Any CPU.Build.0 = Debug|Any CPU
		{29F350FB-5901-41AC-8605-F3413EE49E4A}.Debug|x64.ActiveCfg = Debug|Any CPU
		{29F350FB-5901-41AC-8605-F3413EE49E4A}.Debug|x64.Build.0 = Debug|Any CPU
		{29F350FB-5901-41AC-8605-F3413EE49E4A}.Debug|x86.ActiveCfg = Debug|Any CPU
		{29F350FB-5901-41AC-8605-F3413EE49E4A}.Debug|x86.Build.0 = Debug|Any CPU
		{29F350FB-5901-41AC-8605-F3413EE49E4A}.Release|Any CPU.ActiveCfg = Release|Any CPU
		{29F350FB-5901-41AC-8605-F3413EE49E4A}.Release|Any CPU.Build.0 = Release|Any CPU
		{29F350FB-5901-41AC-8605-F3413EE49E4A}.Release|x64.ActiveCfg = Release|Any CPU
		{29F350FB-5901-41AC-8605-F3413EE49E4A}.Release|x64.Build.0 = Release|Any CPU
		{29F350FB-5901-41AC-8605-F3413EE49E4A}.Release|x86.ActiveCfg = Release|Any CPU
		{29F350FB-5901-41AC-8605-F3413EE49E4A}.Release|x86.Build.0 = Release|Any CPU
	EndGlobalSection
	GlobalSection(SolutionProperties) = preSolution
		HideSolutionNode = FALSE
	EndGlobalSection
	GlobalSection(NestedProjects) = preSolution
		{FD5111E1-2970-4DC4-84DD-E4966E17DCB3} = {4C8914F8-D732-462B-978E-3BB5DBE547D7}
		{70673E72-C346-4AC2-946D-D9F99816FC72} = {BBCED492-E92B-4FA8-A4A5-B5A76091F25E}
		{37A6C1C0-1117-43DE-BD15-290BC8AD32BE} = {BBCED492-E92B-4FA8-A4A5-B5A76091F25E}
		{127E2F48-CB33-488E-88E3-1BB0043C8CC1} = {4C8914F8-D732-462B-978E-3BB5DBE547D7}
		{29F350FB-5901-41AC-8605-F3413EE49E4A} = {BBCED492-E92B-4FA8-A4A5-B5A76091F25E}
		{E405AF28-9C17-4580-AEBD-58B1BD4B116C} = {4C8914F8-D732-462B-978E-3BB5DBE547D7}
	EndGlobalSection
	GlobalSection(ExtensibilityGlobals) = postSolution
		SolutionGuid = {CD31CAB7-6661-4E80-9A70-BC8BA6B9B764}
	EndGlobalSection
EndGlobal
