
Microsoft Visual Studio Solution File, Format Version 12.00
# Visual Studio Version 16
VisualStudioVersion = 16.0.29709.97
MinimumVisualStudioVersion = 15.0.26124.0
Project("{2150E333-8FDC-42A3-9474-1A3956D46DE8}") = "src", "src", "{4C8914F8-D732-462B-978E-3BB5DBE547D7}"
EndProject
Project("{9A19103F-16F7-4668-BE54-9A1E7A4F7556}") = "TestableHttpClient", "src\TestableHttpClient\TestableHttpClient.csproj", "{FD5111E1-2970-4DC4-84DD-E4966E17DCB3}"
EndProject
Project("{2150E333-8FDC-42A3-9474-1A3956D46DE8}") = "test", "test", "{BBCED492-E92B-4FA8-A4A5-B5A76091F25E}"
EndProject
Project("{9A19103F-16F7-4668-BE54-9A1E7A4F7556}") = "TestableHttpClient.Tests", "test\TestableHttpClient.Tests\TestableHttpClient.Tests.csproj", "{70673E72-C346-4AC2-946D-D9F99816FC72}"
EndProject
Project("{2150E333-8FDC-42A3-9474-1A3956D46DE8}") = "Solution Items", "Solution Items", "{800147F1-758C-406D-AF75-CB20EB7CDB18}"
	ProjectSection(SolutionItems) = preProject
		.editorconfig = .editorconfig
		LICENSE = LICENSE
		README.md = README.md
	EndProjectSection
EndProject
Project("{FAE04EC0-301F-11D3-BF4B-00C04F79EFBC}") = "TestableHttpClient.IntegrationTests", "test\TestableHttpClient.IntegrationTests\TestableHttpClient.IntegrationTests.csproj", "{37A6C1C0-1117-43DE-BD15-290BC8AD32BE}"
EndProject
Global
	GlobalSection(SolutionConfigurationPlatforms) = preSolution
		Debug|Any CPU = Debug|Any CPU
		Debug|x64 = Debug|x64
		Debug|x86 = Debug|x86
		Release|Any CPU = Release|Any CPU
		Release|x64 = Release|x64
		Release|x86 = Release|x86
	EndGlobalSection
	GlobalSection(ProjectConfigurationPlatforms) = postSolution
		{FD5111E1-2970-4DC4-84DD-E4966E17DCB3}.Debug|Any CPU.ActiveCfg = Debug|Any CPU
		{FD5111E1-2970-4DC4-84DD-E4966E17DCB3}.Debug|Any CPU.Build.0 = Debug|Any CPU
		{FD5111E1-2970-4DC4-84DD-E4966E17DCB3}.Debug|x64.ActiveCfg = Debug|Any CPU
		{FD5111E1-2970-4DC4-84DD-E4966E17DCB3}.Debug|x64.Build.0 = Debug|Any CPU
		{FD5111E1-2970-4DC4-84DD-E4966E17DCB3}.Debug|x86.ActiveCfg = Debug|Any CPU
		{FD5111E1-2970-4DC4-84DD-E4966E17DCB3}.Debug|x86.Build.0 = Debug|Any CPU
		{FD5111E1-2970-4DC4-84DD-E4966E17DCB3}.Release|Any CPU.ActiveCfg = Release|Any CPU
		{FD5111E1-2970-4DC4-84DD-E4966E17DCB3}.Release|Any CPU.Build.0 = Release|Any CPU
		{FD5111E1-2970-4DC4-84DD-E4966E17DCB3}.Release|x64.ActiveCfg = Release|Any CPU
		{FD5111E1-2970-4DC4-84DD-E4966E17DCB3}.Release|x64.Build.0 = Release|Any CPU
		{FD5111E1-2970-4DC4-84DD-E4966E17DCB3}.Release|x86.ActiveCfg = Release|Any CPU
		{FD5111E1-2970-4DC4-84DD-E4966E17DCB3}.Release|x86.Build.0 = Release|Any CPU
		{70673E72-C346-4AC2-946D-D9F99816FC72}.Debug|Any CPU.ActiveCfg = Debug|Any CPU
		{70673E72-C346-4AC2-946D-D9F99816FC72}.Debug|Any CPU.Build.0 = Debug|Any CPU
		{70673E72-C346-4AC2-946D-D9F99816FC72}.Debug|x64.ActiveCfg = Debug|Any CPU
		{70673E72-C346-4AC2-946D-D9F99816FC72}.Debug|x64.Build.0 = Debug|Any CPU
		{70673E72-C346-4AC2-946D-D9F99816FC72}.Debug|x86.ActiveCfg = Debug|Any CPU
		{70673E72-C346-4AC2-946D-D9F99816FC72}.Debug|x86.Build.0 = Debug|Any CPU
		{70673E72-C346-4AC2-946D-D9F99816FC72}.Release|Any CPU.ActiveCfg = Release|Any CPU
		{70673E72-C346-4AC2-946D-D9F99816FC72}.Release|Any CPU.Build.0 = Release|Any CPU
		{70673E72-C346-4AC2-946D-D9F99816FC72}.Release|x64.ActiveCfg = Release|Any CPU
		{70673E72-C346-4AC2-946D-D9F99816FC72}.Release|x64.Build.0 = Release|Any CPU
		{70673E72-C346-4AC2-946D-D9F99816FC72}.Release|x86.ActiveCfg = Release|Any CPU
		{70673E72-C346-4AC2-946D-D9F99816FC72}.Release|x86.Build.0 = Release|Any CPU
		{37A6C1C0-1117-43DE-BD15-290BC8AD32BE}.Debug|Any CPU.ActiveCfg = Debug|Any CPU
		{37A6C1C0-1117-43DE-BD15-290BC8AD32BE}.Debug|Any CPU.Build.0 = Debug|Any CPU
		{37A6C1C0-1117-43DE-BD15-290BC8AD32BE}.Debug|x64.ActiveCfg = Debug|Any CPU
		{37A6C1C0-1117-43DE-BD15-290BC8AD32BE}.Debug|x64.Build.0 = Debug|Any CPU
		{37A6C1C0-1117-43DE-BD15-290BC8AD32BE}.Debug|x86.ActiveCfg = Debug|Any CPU
		{37A6C1C0-1117-43DE-BD15-290BC8AD32BE}.Debug|x86.Build.0 = Debug|Any CPU
		{37A6C1C0-1117-43DE-BD15-290BC8AD32BE}.Release|Any CPU.ActiveCfg = Release|Any CPU
		{37A6C1C0-1117-43DE-BD15-290BC8AD32BE}.Release|Any CPU.Build.0 = Release|Any CPU
		{37A6C1C0-1117-43DE-BD15-290BC8AD32BE}.Release|x64.ActiveCfg = Release|Any CPU
		{37A6C1C0-1117-43DE-BD15-290BC8AD32BE}.Release|x64.Build.0 = Release|Any CPU
		{37A6C1C0-1117-43DE-BD15-290BC8AD32BE}.Release|x86.ActiveCfg = Release|Any CPU
		{37A6C1C0-1117-43DE-BD15-290BC8AD32BE}.Release|x86.Build.0 = Release|Any CPU
	EndGlobalSection
	GlobalSection(SolutionProperties) = preSolution
		HideSolutionNode = FALSE
	EndGlobalSection
	GlobalSection(NestedProjects) = preSolution
		{FD5111E1-2970-4DC4-84DD-E4966E17DCB3} = {4C8914F8-D732-462B-978E-3BB5DBE547D7}
		{70673E72-C346-4AC2-946D-D9F99816FC72} = {BBCED492-E92B-4FA8-A4A5-B5A76091F25E}
		{37A6C1C0-1117-43DE-BD15-290BC8AD32BE} = {BBCED492-E92B-4FA8-A4A5-B5A76091F25E}
	EndGlobalSection
	GlobalSection(ExtensibilityGlobals) = postSolution
		SolutionGuid = {CD31CAB7-6661-4E80-9A70-BC8BA6B9B764}
	EndGlobalSection
EndGlobal
